
Microsoft Visual Studio Solution File, Format Version 12.00
# Visual Studio Version 17
VisualStudioVersion = 17.0.31903.59
MinimumVisualStudioVersion = 10.0.40219.1
Project("{2150E333-8FDC-42A3-9474-1A3956D46DE8}") = "src", "src", "{7A58B977-7039-4112-85F6-E1939968BE77}"
EndProject
Project("{F2A71F9B-5D33-465A-A702-920D77279786}") = "FCQRS", "src\FCQRS\FCQRS.fsproj", "{2DAAE17B-B82F-49E5-BC62-CC869454C08A}"
EndProject
Project("{F2A71F9B-5D33-465A-A702-920D77279786}") = "FCQRS.SQLProvider", "src\FCQRS.SQLProvider\FCQRS.SQLProvider.fsproj", "{8767D98B-80A4-4FF4-BC3D-45BA4A803468}"
EndProject
Project("{F2A71F9B-5D33-465A-A702-920D77279786}") = "FCQRS.Serialization", "src\FCQRS.Serialization\FCQRS.Serialization.fsproj", "{BC932400-A818-4C21-88C6-AEBDD4DE113D}"
EndProject
Project("{F2A71F9B-5D33-465A-A702-920D77279786}") = "FCQRS.Model", "src\FCQRS.Model\FCQRS.Model.fsproj", "{D660326B-8249-4AEB-AA64-3EFCE126FDD2}"
EndProject
Project("{F2A71F9B-5D33-465A-A702-920D77279786}") = "sample", "sample\sample.fsproj", "{FDC7413A-E829-48B4-8A60-52BF57267716}"
EndProject
Project("{F2A71F9B-5D33-465A-A702-920D77279786}") = "saga_sample", "saga_sample\saga_sample.fsproj", "{3DE153A1-8F34-4E18-BB27-40A42BC55793}"
EndProject
Global
	GlobalSection(SolutionConfigurationPlatforms) = preSolution
		Debug|Any CPU = Debug|Any CPU
		Debug|x64 = Debug|x64
		Debug|x86 = Debug|x86
		Release|Any CPU = Release|Any CPU
		Release|x64 = Release|x64
		Release|x86 = Release|x86
	EndGlobalSection
	GlobalSection(ProjectConfigurationPlatforms) = postSolution
		{2DAAE17B-B82F-49E5-BC62-CC869454C08A}.Debug|Any CPU.ActiveCfg = Debug|Any CPU
		{2DAAE17B-B82F-49E5-BC62-CC869454C08A}.Debug|Any CPU.Build.0 = Debug|Any CPU
		{2DAAE17B-B82F-49E5-BC62-CC869454C08A}.Debug|x64.ActiveCfg = Debug|Any CPU
		{2DAAE17B-B82F-49E5-BC62-CC869454C08A}.Debug|x64.Build.0 = Debug|Any CPU
		{2DAAE17B-B82F-49E5-BC62-CC869454C08A}.Debug|x86.ActiveCfg = Debug|Any CPU
		{2DAAE17B-B82F-49E5-BC62-CC869454C08A}.Debug|x86.Build.0 = Debug|Any CPU
		{2DAAE17B-B82F-49E5-BC62-CC869454C08A}.Release|Any CPU.ActiveCfg = Release|Any CPU
		{2DAAE17B-B82F-49E5-BC62-CC869454C08A}.Release|Any CPU.Build.0 = Release|Any CPU
		{2DAAE17B-B82F-49E5-BC62-CC869454C08A}.Release|x64.ActiveCfg = Release|Any CPU
		{2DAAE17B-B82F-49E5-BC62-CC869454C08A}.Release|x64.Build.0 = Release|Any CPU
		{2DAAE17B-B82F-49E5-BC62-CC869454C08A}.Release|x86.ActiveCfg = Release|Any CPU
		{2DAAE17B-B82F-49E5-BC62-CC869454C08A}.Release|x86.Build.0 = Release|Any CPU
		{8767D98B-80A4-4FF4-BC3D-45BA4A803468}.Debug|Any CPU.ActiveCfg = Debug|Any CPU
		{8767D98B-80A4-4FF4-BC3D-45BA4A803468}.Debug|Any CPU.Build.0 = Debug|Any CPU
		{8767D98B-80A4-4FF4-BC3D-45BA4A803468}.Debug|x64.ActiveCfg = Debug|Any CPU
		{8767D98B-80A4-4FF4-BC3D-45BA4A803468}.Debug|x64.Build.0 = Debug|Any CPU
		{8767D98B-80A4-4FF4-BC3D-45BA4A803468}.Debug|x86.ActiveCfg = Debug|Any CPU
		{8767D98B-80A4-4FF4-BC3D-45BA4A803468}.Debug|x86.Build.0 = Debug|Any CPU
		{8767D98B-80A4-4FF4-BC3D-45BA4A803468}.Release|Any CPU.ActiveCfg = Release|Any CPU
		{8767D98B-80A4-4FF4-BC3D-45BA4A803468}.Release|Any CPU.Build.0 = Release|Any CPU
		{8767D98B-80A4-4FF4-BC3D-45BA4A803468}.Release|x64.ActiveCfg = Release|Any CPU
		{8767D98B-80A4-4FF4-BC3D-45BA4A803468}.Release|x64.Build.0 = Release|Any CPU
		{8767D98B-80A4-4FF4-BC3D-45BA4A803468}.Release|x86.ActiveCfg = Release|Any CPU
		{8767D98B-80A4-4FF4-BC3D-45BA4A803468}.Release|x86.Build.0 = Release|Any CPU
		{BC932400-A818-4C21-88C6-AEBDD4DE113D}.Debug|Any CPU.ActiveCfg = Debug|Any CPU
		{BC932400-A818-4C21-88C6-AEBDD4DE113D}.Debug|Any CPU.Build.0 = Debug|Any CPU
		{BC932400-A818-4C21-88C6-AEBDD4DE113D}.Debug|x64.ActiveCfg = Debug|Any CPU
		{BC932400-A818-4C21-88C6-AEBDD4DE113D}.Debug|x64.Build.0 = Debug|Any CPU
		{BC932400-A818-4C21-88C6-AEBDD4DE113D}.Debug|x86.ActiveCfg = Debug|Any CPU
		{BC932400-A818-4C21-88C6-AEBDD4DE113D}.Debug|x86.Build.0 = Debug|Any CPU
		{BC932400-A818-4C21-88C6-AEBDD4DE113D}.Release|Any CPU.ActiveCfg = Release|Any CPU
		{BC932400-A818-4C21-88C6-AEBDD4DE113D}.Release|Any CPU.Build.0 = Release|Any CPU
		{BC932400-A818-4C21-88C6-AEBDD4DE113D}.Release|x64.ActiveCfg = Release|Any CPU
		{BC932400-A818-4C21-88C6-AEBDD4DE113D}.Release|x64.Build.0 = Release|Any CPU
		{BC932400-A818-4C21-88C6-AEBDD4DE113D}.Release|x86.ActiveCfg = Release|Any CPU
		{BC932400-A818-4C21-88C6-AEBDD4DE113D}.Release|x86.Build.0 = Release|Any CPU
		{D660326B-8249-4AEB-AA64-3EFCE126FDD2}.Debug|Any CPU.ActiveCfg = Debug|Any CPU
		{D660326B-8249-4AEB-AA64-3EFCE126FDD2}.Debug|Any CPU.Build.0 = Debug|Any CPU
		{D660326B-8249-4AEB-AA64-3EFCE126FDD2}.Debug|x64.ActiveCfg = Debug|Any CPU
		{D660326B-8249-4AEB-AA64-3EFCE126FDD2}.Debug|x64.Build.0 = Debug|Any CPU
		{D660326B-8249-4AEB-AA64-3EFCE126FDD2}.Debug|x86.ActiveCfg = Debug|Any CPU
		{D660326B-8249-4AEB-AA64-3EFCE126FDD2}.Debug|x86.Build.0 = Debug|Any CPU
		{D660326B-8249-4AEB-AA64-3EFCE126FDD2}.Release|Any CPU.ActiveCfg = Release|Any CPU
		{D660326B-8249-4AEB-AA64-3EFCE126FDD2}.Release|Any CPU.Build.0 = Release|Any CPU
		{D660326B-8249-4AEB-AA64-3EFCE126FDD2}.Release|x64.ActiveCfg = Release|Any CPU
		{D660326B-8249-4AEB-AA64-3EFCE126FDD2}.Release|x64.Build.0 = Release|Any CPU
		{D660326B-8249-4AEB-AA64-3EFCE126FDD2}.Release|x86.ActiveCfg = Release|Any CPU
		{D660326B-8249-4AEB-AA64-3EFCE126FDD2}.Release|x86.Build.0 = Release|Any CPU
		{FDC7413A-E829-48B4-8A60-52BF57267716}.Debug|Any CPU.ActiveCfg = Debug|Any CPU
		{FDC7413A-E829-48B4-8A60-52BF57267716}.Debug|Any CPU.Build.0 = Debug|Any CPU
		{FDC7413A-E829-48B4-8A60-52BF57267716}.Debug|x64.ActiveCfg = Debug|Any CPU
		{FDC7413A-E829-48B4-8A60-52BF57267716}.Debug|x64.Build.0 = Debug|Any CPU
		{FDC7413A-E829-48B4-8A60-52BF57267716}.Debug|x86.ActiveCfg = Debug|Any CPU
		{FDC7413A-E829-48B4-8A60-52BF57267716}.Debug|x86.Build.0 = Debug|Any CPU
		{FDC7413A-E829-48B4-8A60-52BF57267716}.Release|Any CPU.ActiveCfg = Release|Any CPU
		{FDC7413A-E829-48B4-8A60-52BF57267716}.Release|Any CPU.Build.0 = Release|Any CPU
		{FDC7413A-E829-48B4-8A60-52BF57267716}.Release|x64.ActiveCfg = Release|Any CPU
		{FDC7413A-E829-48B4-8A60-52BF57267716}.Release|x64.Build.0 = Release|Any CPU
		{FDC7413A-E829-48B4-8A60-52BF57267716}.Release|x86.ActiveCfg = Release|Any CPU
		{FDC7413A-E829-48B4-8A60-52BF57267716}.Release|x86.Build.0 = Release|Any CPU
		{3DE153A1-8F34-4E18-BB27-40A42BC55793}.Debug|Any CPU.ActiveCfg = Debug|Any CPU
		{3DE153A1-8F34-4E18-BB27-40A42BC55793}.Debug|Any CPU.Build.0 = Debug|Any CPU
		{3DE153A1-8F34-4E18-BB27-40A42BC55793}.Debug|x64.ActiveCfg = Debug|Any CPU
		{3DE153A1-8F34-4E18-BB27-40A42BC55793}.Debug|x64.Build.0 = Debug|Any CPU
		{3DE153A1-8F34-4E18-BB27-40A42BC55793}.Debug|x86.ActiveCfg = Debug|Any CPU
		{3DE153A1-8F34-4E18-BB27-40A42BC55793}.Debug|x86.Build.0 = Debug|Any CPU
		{3DE153A1-8F34-4E18-BB27-40A42BC55793}.Release|Any CPU.ActiveCfg = Release|Any CPU
		{3DE153A1-8F34-4E18-BB27-40A42BC55793}.Release|Any CPU.Build.0 = Release|Any CPU
		{3DE153A1-8F34-4E18-BB27-40A42BC55793}.Release|x64.ActiveCfg = Release|Any CPU
		{3DE153A1-8F34-4E18-BB27-40A42BC55793}.Release|x64.Build.0 = Release|Any CPU
		{3DE153A1-8F34-4E18-BB27-40A42BC55793}.Release|x86.ActiveCfg = Release|Any CPU
		{3DE153A1-8F34-4E18-BB27-40A42BC55793}.Release|x86.Build.0 = Release|Any CPU
	EndGlobalSection
	GlobalSection(SolutionProperties) = preSolution
		HideSolutionNode = FALSE
	EndGlobalSection
	GlobalSection(NestedProjects) = preSolution
		{2DAAE17B-B82F-49E5-BC62-CC869454C08A} = {7A58B977-7039-4112-85F6-E1939968BE77}
		{8767D98B-80A4-4FF4-BC3D-45BA4A803468} = {7A58B977-7039-4112-85F6-E1939968BE77}
		{BC932400-A818-4C21-88C6-AEBDD4DE113D} = {7A58B977-7039-4112-85F6-E1939968BE77}
		{D660326B-8249-4AEB-AA64-3EFCE126FDD2} = {7A58B977-7039-4112-85F6-E1939968BE77}
	EndGlobalSection
EndGlobal
